
Microsoft Visual Studio Solution File, Format Version 12.00
# Visual Studio Version 17
VisualStudioVersion = 17.14.35906.104 d17.14
MinimumVisualStudioVersion = 10.0.40219.1
Project("{FAE04EC0-301F-11D3-BF4B-00C04F79EFBC}") = "kasyno", "kasyno.csproj", "{85D230DD-1D27-49C1-AA53-F00FBE9D5BBD}"
EndProject
Global
	GlobalSection(SolutionConfigurationPlatforms) = preSolution
		Debug|Any CPU = Debug|Any CPU
		Release|Any CPU = Release|Any CPU
	EndGlobalSection
	GlobalSection(ProjectConfigurationPlatforms) = postSolution
		{85D230DD-1D27-49C1-AA53-F00FBE9D5BBD}.Debug|Any CPU.ActiveCfg = Debug|Any CPU
		{85D230DD-1D27-49C1-AA53-F00FBE9D5BBD}.Debug|Any CPU.Build.0 = Debug|Any CPU
		{85D230DD-1D27-49C1-AA53-F00FBE9D5BBD}.Release|Any CPU.ActiveCfg = Release|Any CPU
		{85D230DD-1D27-49C1-AA53-F00FBE9D5BBD}.Release|Any CPU.Build.0 = Release|Any CPU
	EndGlobalSection
	GlobalSection(SolutionProperties) = preSolution
		HideSolutionNode = FALSE
	EndGlobalSection
	GlobalSection(ExtensibilityGlobals) = postSolution
		SolutionGuid = {6D178A3D-F0F4-4384-877D-07A02C936A95}
	EndGlobalSection
EndGlobal
